
Microsoft Visual Studio Solution File, Format Version 12.00
# Visual Studio 15
VisualStudioVersion = 15.0.28307.271
MinimumVisualStudioVersion = 10.0.40219.1
Project("{9A19103F-16F7-4668-BE54-9A1E7A4F7556}") = "WebCore", "WebCore\WebCore.csproj", "{4253C12B-79F4-4F7F-B5FF-D56CAFE4D463}"
EndProject
Project("{9A19103F-16F7-4668-BE54-9A1E7A4F7556}") = "WebCoreTest", "WebCoreTest\WebCoreTest.csproj", "{11BB95E0-210B-42AD-8BF9-D77ADCC4F55C}"
EndProject
Project("{2150E333-8FDC-42A3-9474-1A3956D46DE8}") = "Solution Items", "Solution Items", "{7B616577-AEE5-401F-8839-9F7E4876748B}"
	ProjectSection(SolutionItems) = preProject
		parameters.json = parameters.json
		template.json = template.json
	EndProjectSection
EndProject
Global
	GlobalSection(SolutionConfigurationPlatforms) = preSolution
		Debug|Any CPU = Debug|Any CPU
		Release|Any CPU = Release|Any CPU
	EndGlobalSection
	GlobalSection(ProjectConfigurationPlatforms) = postSolution
		{4253C12B-79F4-4F7F-B5FF-D56CAFE4D463}.Debug|Any CPU.ActiveCfg = Debug|Any CPU
		{4253C12B-79F4-4F7F-B5FF-D56CAFE4D463}.Debug|Any CPU.Build.0 = Debug|Any CPU
		{4253C12B-79F4-4F7F-B5FF-D56CAFE4D463}.Release|Any CPU.ActiveCfg = Release|Any CPU
		{4253C12B-79F4-4F7F-B5FF-D56CAFE4D463}.Release|Any CPU.Build.0 = Release|Any CPU
		{11BB95E0-210B-42AD-8BF9-D77ADCC4F55C}.Debug|Any CPU.ActiveCfg = Debug|Any CPU
		{11BB95E0-210B-42AD-8BF9-D77ADCC4F55C}.Debug|Any CPU.Build.0 = Debug|Any CPU
		{11BB95E0-210B-42AD-8BF9-D77ADCC4F55C}.Release|Any CPU.ActiveCfg = Release|Any CPU
		{11BB95E0-210B-42AD-8BF9-D77ADCC4F55C}.Release|Any CPU.Build.0 = Release|Any CPU
	EndGlobalSection
	GlobalSection(SolutionProperties) = preSolution
		HideSolutionNode = FALSE
	EndGlobalSection
	GlobalSection(ExtensibilityGlobals) = postSolution
		SolutionGuid = {BDD87BC0-C6DF-4C04-B8FE-B34D69C89C29}
	EndGlobalSection
EndGlobal
